lockfileVersion: 5.3

importers:

  libs/spotify:
    specifiers:
      '@types/node': ^17.0.18
    devDependencies:
      '@types/node': 17.0.18

packages:

  /@types/node/17.0.18:
    resolution: {integrity: sha512-eKj4f/BsN/qcculZiRSujogjvp5O/k4lOW5m35NopjZM/QwLOR075a8pJW5hD+Rtdm2DaCVPENS6KtSQnUD6BA==}
    dev: true
